
Microsoft Visual Studio Solution File, Format Version 12.00
# Visual Studio Version 17
VisualStudioVersion = 17.0.31903.59
MinimumVisualStudioVersion = 10.0.40219.1
Project("{2150E333-8FDC-42A3-9474-1A3956D46DE8}") = "src", "src", "{827E0CD3-B72D-47B6-A68D-7590B98EB39B}"
EndProject
Project("{FAE04EC0-301F-11D3-BF4B-00C04F79EFBC}") = "Zhua.Domain", "src\Zhua.Domain\Zhua.Domain.csproj", "{500E4E73-70D1-4567-B691-4E5A5196E57E}"
EndProject
Project("{FAE04EC0-301F-11D3-BF4B-00C04F79EFBC}") = "Zhua.Application", "src\Zhua.Application\Zhua.Application.csproj", "{09A47B90-17C9-4895-B9B4-AC9472A7B25C}"
EndProject
Project("{FAE04EC0-301F-11D3-BF4B-00C04F79EFBC}") = "Zhua.Infrastructure", "src\Zhua.Infrastructure\Zhua.Infrastructure.csproj", "{36B13E4F-ED2C-4D11-926A-A2940E2CC103}"
EndProject
Project("{FAE04EC0-301F-11D3-BF4B-00C04F79EFBC}") = "Zhua.Crawling", "src\Zhua.Crawling\Zhua.Crawling.csproj", "{648CDDC7-547F-4B34-9C98-4FF4954B78C8}"
EndProject
Project("{FAE04EC0-301F-11D3-BF4B-00C04F79EFBC}") = "Zhua.Api", "src\Zhua.Api\Zhua.Api.csproj", "{B0F10680-BC33-4ABB-B51F-9C18971ED45A}"
EndProject
Project("{FAE04EC0-301F-11D3-BF4B-00C04F79EFBC}") = "Zhua.Worker", "src\Zhua.Worker\Zhua.Worker.csproj", "{D30E6442-2AE0-4F95-9E1F-BFF82029E366}"
EndProject
Project("{FAE04EC0-301F-11D3-BF4B-00C04F79EFBC}") = "Zhua.Migrator", "src\Zhua.Migrator\Zhua.Migrator.csproj", "{914E371C-D46B-49C1-A69A-C524A1AB2CF6}"
EndProject
Project("{2150E333-8FDC-42A3-9474-1A3956D46DE8}") = "tests", "tests", "{0AB3BF05-4346-4AA6-1389-037BE0695223}"
EndProject
Project("{FAE04EC0-301F-11D3-BF4B-00C04F79EFBC}") = "Zhua.Ingestion.Tests", "tests\Zhua.Ingestion.Tests\Zhua.Ingestion.Tests.csproj", "{FE618C75-B56D-47A8-BC92-13F0B77C0257}"
EndProject
Global
	GlobalSection(SolutionConfigurationPlatforms) = preSolution
		Debug|Any CPU = Debug|Any CPU
		Debug|x64 = Debug|x64
		Debug|x86 = Debug|x86
		Release|Any CPU = Release|Any CPU
		Release|x64 = Release|x64
		Release|x86 = Release|x86
	EndGlobalSection
	GlobalSection(ProjectConfigurationPlatforms) = postSolution
		{500E4E73-70D1-4567-B691-4E5A5196E57E}.Debug|Any CPU.ActiveCfg = Debug|Any CPU
		{500E4E73-70D1-4567-B691-4E5A5196E57E}.Debug|Any CPU.Build.0 = Debug|Any CPU
		{500E4E73-70D1-4567-B691-4E5A5196E57E}.Debug|x64.ActiveCfg = Debug|Any CPU
		{500E4E73-70D1-4567-B691-4E5A5196E57E}.Debug|x64.Build.0 = Debug|Any CPU
		{500E4E73-70D1-4567-B691-4E5A5196E57E}.Debug|x86.ActiveCfg = Debug|Any CPU
		{500E4E73-70D1-4567-B691-4E5A5196E57E}.Debug|x86.Build.0 = Debug|Any CPU
		{500E4E73-70D1-4567-B691-4E5A5196E57E}.Release|Any CPU.ActiveCfg = Release|Any CPU
		{500E4E73-70D1-4567-B691-4E5A5196E57E}.Release|Any CPU.Build.0 = Release|Any CPU
		{500E4E73-70D1-4567-B691-4E5A5196E57E}.Release|x64.ActiveCfg = Release|Any CPU
		{500E4E73-70D1-4567-B691-4E5A5196E57E}.Release|x64.Build.0 = Release|Any CPU
		{500E4E73-70D1-4567-B691-4E5A5196E57E}.Release|x86.ActiveCfg = Release|Any CPU
		{500E4E73-70D1-4567-B691-4E5A5196E57E}.Release|x86.Build.0 = Release|Any CPU
		{09A47B90-17C9-4895-B9B4-AC9472A7B25C}.Debug|Any CPU.ActiveCfg = Debug|Any CPU
		{09A47B90-17C9-4895-B9B4-AC9472A7B25C}.Debug|Any CPU.Build.0 = Debug|Any CPU
		{09A47B90-17C9-4895-B9B4-AC9472A7B25C}.Debug|x64.ActiveCfg = Debug|Any CPU
		{09A47B90-17C9-4895-B9B4-AC9472A7B25C}.Debug|x64.Build.0 = Debug|Any CPU
		{09A47B90-17C9-4895-B9B4-AC9472A7B25C}.Debug|x86.ActiveCfg = Debug|Any CPU
		{09A47B90-17C9-4895-B9B4-AC9472A7B25C}.Debug|x86.Build.0 = Debug|Any CPU
		{09A47B90-17C9-4895-B9B4-AC9472A7B25C}.Release|Any CPU.ActiveCfg = Release|Any CPU
		{09A47B90-17C9-4895-B9B4-AC9472A7B25C}.Release|Any CPU.Build.0 = Release|Any CPU
		{09A47B90-17C9-4895-B9B4-AC9472A7B25C}.Release|x64.ActiveCfg = Release|Any CPU
		{09A47B90-17C9-4895-B9B4-AC9472A7B25C}.Release|x64.Build.0 = Release|Any CPU
		{09A47B90-17C9-4895-B9B4-AC9472A7B25C}.Release|x86.ActiveCfg = Release|Any CPU
		{09A47B90-17C9-4895-B9B4-AC9472A7B25C}.Release|x86.Build.0 = Release|Any CPU
		{36B13E4F-ED2C-4D11-926A-A2940E2CC103}.Debug|Any CPU.ActiveCfg = Debug|Any CPU
		{36B13E4F-ED2C-4D11-926A-A2940E2CC103}.Debug|Any CPU.Build.0 = Debug|Any CPU
		{36B13E4F-ED2C-4D11-926A-A2940E2CC103}.Debug|x64.ActiveCfg = Debug|Any CPU
		{36B13E4F-ED2C-4D11-926A-A2940E2CC103}.Debug|x64.Build.0 = Debug|Any CPU
		{36B13E4F-ED2C-4D11-926A-A2940E2CC103}.Debug|x86.ActiveCfg = Debug|Any CPU
		{36B13E4F-ED2C-4D11-926A-A2940E2CC103}.Debug|x86.Build.0 = Debug|Any CPU
		{36B13E4F-ED2C-4D11-926A-A2940E2CC103}.Release|Any CPU.ActiveCfg = Release|Any CPU
		{36B13E4F-ED2C-4D11-926A-A2940E2CC103}.Release|Any CPU.Build.0 = Release|Any CPU
		{36B13E4F-ED2C-4D11-926A-A2940E2CC103}.Release|x64.ActiveCfg = Release|Any CPU
		{36B13E4F-ED2C-4D11-926A-A2940E2CC103}.Release|x64.Build.0 = Release|Any CPU
		{36B13E4F-ED2C-4D11-926A-A2940E2CC103}.Release|x86.ActiveCfg = Release|Any CPU
		{36B13E4F-ED2C-4D11-926A-A2940E2CC103}.Release|x86.Build.0 = Release|Any CPU
		{648CDDC7-547F-4B34-9C98-4FF4954B78C8}.Debug|Any CPU.ActiveCfg = Debug|Any CPU
		{648CDDC7-547F-4B34-9C98-4FF4954B78C8}.Debug|Any CPU.Build.0 = Debug|Any CPU
		{648CDDC7-547F-4B34-9C98-4FF4954B78C8}.Debug|x64.ActiveCfg = Debug|Any CPU
		{648CDDC7-547F-4B34-9C98-4FF4954B78C8}.Debug|x64.Build.0 = Debug|Any CPU
		{648CDDC7-547F-4B34-9C98-4FF4954B78C8}.Debug|x86.ActiveCfg = Debug|Any CPU
		{648CDDC7-547F-4B34-9C98-4FF4954B78C8}.Debug|x86.Build.0 = Debug|Any CPU
		{648CDDC7-547F-4B34-9C98-4FF4954B78C8}.Release|Any CPU.ActiveCfg = Release|Any CPU
		{648CDDC7-547F-4B34-9C98-4FF4954B78C8}.Release|Any CPU.Build.0 = Release|Any CPU
		{648CDDC7-547F-4B34-9C98-4FF4954B78C8}.Release|x64.ActiveCfg = Release|Any CPU
		{648CDDC7-547F-4B34-9C98-4FF4954B78C8}.Release|x64.Build.0 = Release|Any CPU
		{648CDDC7-547F-4B34-9C98-4FF4954B78C8}.Release|x86.ActiveCfg = Release|Any CPU
		{648CDDC7-547F-4B34-9C98-4FF4954B78C8}.Release|x86.Build.0 = Release|Any CPU
		{B0F10680-BC33-4ABB-B51F-9C18971ED45A}.Debug|Any CPU.ActiveCfg = Debug|Any CPU
		{B0F10680-BC33-4ABB-B51F-9C18971ED45A}.Debug|Any CPU.Build.0 = Debug|Any CPU
		{B0F10680-BC33-4ABB-B51F-9C18971ED45A}.Debug|x64.ActiveCfg = Debug|Any CPU
		{B0F10680-BC33-4ABB-B51F-9C18971ED45A}.Debug|x64.Build.0 = Debug|Any CPU
		{B0F10680-BC33-4ABB-B51F-9C18971ED45A}.Debug|x86.ActiveCfg = Debug|Any CPU
		{B0F10680-BC33-4ABB-B51F-9C18971ED45A}.Debug|x86.Build.0 = Debug|Any CPU
		{B0F10680-BC33-4ABB-B51F-9C18971ED45A}.Release|Any CPU.ActiveCfg = Release|Any CPU
		{B0F10680-BC33-4ABB-B51F-9C18971ED45A}.Release|Any CPU.Build.0 = Release|Any CPU
		{B0F10680-BC33-4ABB-B51F-9C18971ED45A}.Release|x64.ActiveCfg = Release|Any CPU
		{B0F10680-BC33-4ABB-B51F-9C18971ED45A}.Release|x64.Build.0 = Release|Any CPU
		{B0F10680-BC33-4ABB-B51F-9C18971ED45A}.Release|x86.ActiveCfg = Release|Any CPU
		{B0F10680-BC33-4ABB-B51F-9C18971ED45A}.Release|x86.Build.0 = Release|Any CPU
		{D30E6442-2AE0-4F95-9E1F-BFF82029E366}.Debug|Any CPU.ActiveCfg = Debug|Any CPU
		{D30E6442-2AE0-4F95-9E1F-BFF82029E366}.Debug|Any CPU.Build.0 = Debug|Any CPU
		{D30E6442-2AE0-4F95-9E1F-BFF82029E366}.Debug|x64.ActiveCfg = Debug|Any CPU
		{D30E6442-2AE0-4F95-9E1F-BFF82029E366}.Debug|x64.Build.0 = Debug|Any CPU
		{D30E6442-2AE0-4F95-9E1F-BFF82029E366}.Debug|x86.ActiveCfg = Debug|Any CPU
		{D30E6442-2AE0-4F95-9E1F-BFF82029E366}.Debug|x86.Build.0 = Debug|Any CPU
		{D30E6442-2AE0-4F95-9E1F-BFF82029E366}.Release|Any CPU.ActiveCfg = Release|Any CPU
		{D30E6442-2AE0-4F95-9E1F-BFF82029E366}.Release|Any CPU.Build.0 = Release|Any CPU
		{D30E6442-2AE0-4F95-9E1F-BFF82029E366}.Release|x64.ActiveCfg = Release|Any CPU
		{D30E6442-2AE0-4F95-9E1F-BFF82029E366}.Release|x64.Build.0 = Release|Any CPU
		{D30E6442-2AE0-4F95-9E1F-BFF82029E366}.Release|x86.ActiveCfg = Release|Any CPU
		{D30E6442-2AE0-4F95-9E1F-BFF82029E366}.Release|x86.Build.0 = Release|Any CPU
		{914E371C-D46B-49C1-A69A-C524A1AB2CF6}.Debug|Any CPU.ActiveCfg = Debug|Any CPU
		{914E371C-D46B-49C1-A69A-C524A1AB2CF6}.Debug|Any CPU.Build.0 = Debug|Any CPU
		{914E371C-D46B-49C1-A69A-C524A1AB2CF6}.Debug|x64.ActiveCfg = Debug|Any CPU
		{914E371C-D46B-49C1-A69A-C524A1AB2CF6}.Debug|x64.Build.0 = Debug|Any CPU
		{914E371C-D46B-49C1-A69A-C524A1AB2CF6}.Debug|x86.ActiveCfg = Debug|Any CPU
		{914E371C-D46B-49C1-A69A-C524A1AB2CF6}.Debug|x86.Build.0 = Debug|Any CPU
		{914E371C-D46B-49C1-A69A-C524A1AB2CF6}.Release|Any CPU.ActiveCfg = Release|Any CPU
		{914E371C-D46B-49C1-A69A-C524A1AB2CF6}.Release|Any CPU.Build.0 = Release|Any CPU
		{914E371C-D46B-49C1-A69A-C524A1AB2CF6}.Release|x64.ActiveCfg = Release|Any CPU
		{914E371C-D46B-49C1-A69A-C524A1AB2CF6}.Release|x64.Build.0 = Release|Any CPU
		{914E371C-D46B-49C1-A69A-C524A1AB2CF6}.Release|x86.ActiveCfg = Release|Any CPU
		{914E371C-D46B-49C1-A69A-C524A1AB2CF6}.Release|x86.Build.0 = Release|Any CPU
		{FE618C75-B56D-47A8-BC92-13F0B77C0257}.Debug|Any CPU.ActiveCfg = Debug|Any CPU
		{FE618C75-B56D-47A8-BC92-13F0B77C0257}.Debug|Any CPU.Build.0 = Debug|Any CPU
		{FE618C75-B56D-47A8-BC92-13F0B77C0257}.Debug|x64.ActiveCfg = Debug|Any CPU
		{FE618C75-B56D-47A8-BC92-13F0B77C0257}.Debug|x64.Build.0 = Debug|Any CPU
		{FE618C75-B56D-47A8-BC92-13F0B77C0257}.Debug|x86.ActiveCfg = Debug|Any CPU
		{FE618C75-B56D-47A8-BC92-13F0B77C0257}.Debug|x86.Build.0 = Debug|Any CPU
		{FE618C75-B56D-47A8-BC92-13F0B77C0257}.Release|Any CPU.ActiveCfg = Release|Any CPU
		{FE618C75-B56D-47A8-BC92-13F0B77C0257}.Release|Any CPU.Build.0 = Release|Any CPU
		{FE618C75-B56D-47A8-BC92-13F0B77C0257}.Release|x64.ActiveCfg = Release|Any CPU
		{FE618C75-B56D-47A8-BC92-13F0B77C0257}.Release|x64.Build.0 = Release|Any CPU
		{FE618C75-B56D-47A8-BC92-13F0B77C0257}.Release|x86.ActiveCfg = Release|Any CPU
		{FE618C75-B56D-47A8-BC92-13F0B77C0257}.Release|x86.Build.0 = Release|Any CPU
	EndGlobalSection
	GlobalSection(SolutionProperties) = preSolution
		HideSolutionNode = FALSE
	EndGlobalSection
	GlobalSection(NestedProjects) = preSolution
		{500E4E73-70D1-4567-B691-4E5A5196E57E} = {827E0CD3-B72D-47B6-A68D-7590B98EB39B}
		{09A47B90-17C9-4895-B9B4-AC9472A7B25C} = {827E0CD3-B72D-47B6-A68D-7590B98EB39B}
		{36B13E4F-ED2C-4D11-926A-A2940E2CC103} = {827E0CD3-B72D-47B6-A68D-7590B98EB39B}
		{648CDDC7-547F-4B34-9C98-4FF4954B78C8} = {827E0CD3-B72D-47B6-A68D-7590B98EB39B}
		{B0F10680-BC33-4ABB-B51F-9C18971ED45A} = {827E0CD3-B72D-47B6-A68D-7590B98EB39B}
		{D30E6442-2AE0-4F95-9E1F-BFF82029E366} = {827E0CD3-B72D-47B6-A68D-7590B98EB39B}
		{914E371C-D46B-49C1-A69A-C524A1AB2CF6} = {827E0CD3-B72D-47B6-A68D-7590B98EB39B}
		{FE618C75-B56D-47A8-BC92-13F0B77C0257} = {0AB3BF05-4346-4AA6-1389-037BE0695223}
	EndGlobalSection
EndGlobal
